<?xml version="1.0" encoding="UTF-8" standalone="yes" ?>
<CodeBlocks_project_file>
	<FileVersion major="1" minor="6" />
	<Project>
		<Option title="Agender" />
		<Option pch_mode="2" />
		<Option compiler="msvc8" />
		<Build>
			<Target title="Debug">
				<Option output="bin\Debug\Agender" prefix_auto="1" extension_auto="1" />
				<Option object_output="obj\Debug\" />
				<Option type="0" />
				<Option compiler="msvc8" />
				<Option projectLinkerOptionsRelation="2" />
				<Compiler>
					<Add option="/MDd" />
					<Add option="/Zi" />
					<Add option="/D_DEBUG" />
					<Add option="/D__WXDEBUG__" />
					<Add directory="$(#wx)\lib\vc_lib\mswud" />
				</Compiler>
				<ResourceCompiler>
					<Add directory="$(#wx)\lib\vc_lib\mswud" />
				</ResourceCompiler>
				<Linker>
					<Add option="/DEBUG" />
					<Add option="/NODEFAULTLIB:libcmtd.lib" />
					<Add option="/NODEFAULTLIB:msvcrt.lib" />
					<Add library="msvcrtd.lib" />
					<Add library="wxmsw28ud_richtext.lib" />
					<Add library="wxbase28ud_net.lib" />
					<Add library="wxmsw28ud_qa.lib" />
					<Add library="wxbase28ud_xml.lib" />
					<Add library="wxmsw28ud_adv.lib" />
					<Add library="wxmsw28ud_html.lib" />
					<Add library="wxmsw28ud_core.lib" />
					<Add library="wxbase28ud.lib" />
					<Add library="wxpngd.lib" />
					<Add library="wxjpegd.lib" />
					<Add library="wxtiffd.lib" />
					<Add library="wxzlibd.lib" />
					<Add library="wxregexud.lib" />
					<Add library="wxexpatd.lib" />
					<Add directory="$(#wx)\lib\vc_lib" />
				</Linker>
				<ExtraCommands>
					<Add after='mt.exe /nologo /manifest &quot;bin\Debug\Agender.exe.manifest&quot; /outputresource:&quot;bin\Debug\Agender.exe&quot;;1' />
				</ExtraCommands>
			</Target>
			<Target title="Release">
				<Option output="bin\Release\Agender" prefix_auto="1" extension_auto="1" />
				<Option object_output="obj\Release\" />
				<Option type="0" />
				<Option compiler="msvc8" />
				<Option projectLinkerOptionsRelation="2" />
				<Compiler>
					<Add option="/MD" />
					<Add option="/GA" />
					<Add option="/GL" />
					<Add option="/Os" />
					<Add option="/O2" />
					<Add option="/Ox" />
					<Add option="/DNDEBUG" />
					<Add directory="$(#wx)\lib\vc_lib\mswu" />
				</Compiler>
				<ResourceCompiler>
					<Add directory="$(#wx)\lib\vc_lib\mswu" />
				</ResourceCompiler>
				<Linker>
					<Add option="/NODEFAULTLIB:libcmt.lib" />
					<Add library="msvcrt.lib" />
					<Add library="wxmsw28u_richtext.lib" />
					<Add library="wxbase28u_net.lib" />
					<Add library="wxmsw28u_qa.lib" />
					<Add library="wxbase28u_xml.lib" />
					<Add library="wxmsw28u_adv.lib" />
					<Add library="wxmsw28u_html.lib" />
					<Add library="wxmsw28u_core.lib" />
					<Add library="wxbase28u.lib" />
					<Add library="wxpng.lib" />
					<Add library="wxjpeg.lib" />
					<Add library="wxtiff.lib" />
					<Add library="wxzlib.lib" />
					<Add library="wxregexu.lib" />
					<Add library="wxexpat.lib" />
					<Add directory="$(#wx)\lib\vc_lib" />
				</Linker>
				<ExtraCommands>
					<Add after='mt.exe /nologo /manifest &quot;bin\Release\Agender.exe.manifest&quot; /outputresource:&quot;bin\Release\Agender.exe&quot;;1' />
				</ExtraCommands>
			</Target>
		</Build>
		<Compiler>
			<Add option="/DWIN32" />
			<Add option="/D__WIN32__" />
			<Add option="/D__WXMSW__" />
			<Add option="/DwxUSE_UNICODE" />
			<Add option="/D_WINDOWS" />
			<Add option="/EHs" />
			<Add option="/EHc" />
			<Add option="/D_CRT_SECURE_DEPRECATE" />
			<Add option="/D_CRT_NONSTDC_NO_DEPRECATE" />
			<Add option="/D_CRT_SECURE_NO_WARNINGS" />
			<Add option="/Zc:wchar_t" />
			<Add option="/D_VC80_UPGRADE=0x0600" />
			<Add option="/W3" />
			<Add directory="$(#wx)\include" />
			<Add directory="$(#wx)\contrib\include" />
		</Compiler>
		<ResourceCompiler>
			<Add directory="$(#wx)\include" />
		</ResourceCompiler>
		<Linker>
			<Add option="/INCREMENTAL:NO" />
			<Add option="/SUBSYSTEM:WINDOWS" />
			<Add library="winmm.lib" />
			<Add library="rpcrt4.lib" />
			<Add library="kernel32.lib" />
			<Add library="user32.lib" />
			<Add library="gdi32.lib" />
			<Add library="winspool.lib" />
			<Add library="comdlg32.lib" />
			<Add library="advapi32.lib" />
			<Add library="shell32.lib" />
			<Add library="ole32.lib" />
			<Add library="oleaut32.lib" />
			<Add library="uuid.lib" />
			<Add library="comctl32.lib" />
			<Add library="wsock32.lib" />
			<Add library="odbc32.lib" />
		</Linker>
		<Unit filename="AboutDialog.cpp" />
		<Unit filename="AboutDialog.h" />
		<Unit filename="AgCommand.h" />
		<Unit filename="AgenderApp.cpp" />
		<Unit filename="AgenderApp.h" />
		<Unit filename="AgenderCal.cpp" />
		<Unit filename="AgenderCal.h" />
		<Unit filename="AgenderDnd.cpp">
			<Option compile="0" />
			<Option link="0" />
		</Unit>
		<Unit filename="AgenderDnd.h" />
		<Unit filename="AgenderIPC.cpp" />
		<Unit filename="AgenderIPC.h" />
		<Unit filename="AgenderMain.cpp" />
		<Unit filename="AgenderMain.h" />
		<Unit filename="AgenderTray.cpp" />
		<Unit filename="AgenderTray.h" />
		<Unit filename="Notifier.cpp" />
		<Unit filename="Notifier.h" />
		<Unit filename="Updater.cpp" />
		<Unit filename="Updater.h" />
		<Unit filename="resource.rc">
			<Option compilerVar="WINDRES" />
		</Unit>
		<Unit filename="version.h" />
		<Unit filename="wxAutoStart.cpp" />
		<Unit filename="wxAutoStart.h" />
		<Extensions>
			<code_completion />
			<envvars />
			<debugger />
			<AutoVersioning>
				<Scheme minor_max="10" build_max="0" rev_max="0" rev_rand_max="10" build_times_to_increment_minor="100" />
				<Settings autoincrement="0" date_declarations="0" update_manifest="0" do_auto_increment="0" ask_to_increment="0" language="C++" svn="1" svn_directory="C:\Documents and Settings\gabriel\Mis documentos\C++\Ag_1_1_9_1" header_path="version.h" />
				<Changes_Log show_changes_editor="0" app_title="released version %M.%m.%b of %p" changeslog_path="ChangesLog.txt" />
				<Code header_guard="VERSION_H" namespace="Agender" prefix="" />
			</AutoVersioning>
		</Extensions>
	</Project>
</CodeBlocks_project_file>
